
Microsoft Visual Studio Solution File, Format Version 12.00
# Visual Studio Version 17
VisualStudioVersion = 17.8.34330.188
MinimumVisualStudioVersion = 10.0.40219.1
Project("{FAE04EC0-301F-11D3-BF4B-00C04F79EFBC}") = "Enum1", "Enum1\Enum1.csproj", "{BAE0EEE5-0796-4BD0-BE38-0A57C9DB024F}"
EndProject
Global
	GlobalSection(SolutionConfigurationPlatforms) = preSolution
		Debug|Any CPU = Debug|Any CPU
		Release|Any CPU = Release|Any CPU
	EndGlobalSection
	GlobalSection(ProjectConfigurationPlatforms) = postSolution
		{BAE0EEE5-0796-4BD0-BE38-0A57C9DB024F}.Debug|Any CPU.ActiveCfg = Debug|Any CPU
		{BAE0EEE5-0796-4BD0-BE38-0A57C9DB024F}.Debug|Any CPU.Build.0 = Debug|Any CPU
		{BAE0EEE5-0796-4BD0-BE38-0A57C9DB024F}.Release|Any CPU.ActiveCfg = Release|Any CPU
		{BAE0EEE5-0796-4BD0-BE38-0A57C9DB024F}.Release|Any CPU.Build.0 = Release|Any CPU
	EndGlobalSection
	GlobalSection(SolutionProperties) = preSolution
		HideSolutionNode = FALSE
	EndGlobalSection
	GlobalSection(ExtensibilityGlobals) = postSolution
		SolutionGuid = {1AB8DFC1-DAB4-4D92-A672-78361882600F}
	EndGlobalSection
EndGlobal
