
Microsoft Visual Studio Solution File, Format Version 12.00
# Visual Studio Version 17
VisualStudioVersion = 17.8.34330.188
MinimumVisualStudioVersion = 10.0.40219.1
Project("{FAE04EC0-301F-11D3-BF4B-00C04F79EFBC}") = "PropertiesExercise", "PropertiesExercise\PropertiesExercise.csproj", "{FED425D7-950E-4924-9F7D-1E855AEDE780}"
EndProject
Global
	GlobalSection(SolutionConfigurationPlatforms) = preSolution
		Debug|Any CPU = Debug|Any CPU
		Release|Any CPU = Release|Any CPU
	EndGlobalSection
	GlobalSection(ProjectConfigurationPlatforms) = postSolution
		{FED425D7-950E-4924-9F7D-1E855AEDE780}.Debug|Any CPU.ActiveCfg = Debug|Any CPU
		{FED425D7-950E-4924-9F7D-1E855AEDE780}.Debug|Any CPU.Build.0 = Debug|Any CPU
		{FED425D7-950E-4924-9F7D-1E855AEDE780}.Release|Any CPU.ActiveCfg = Release|Any CPU
		{FED425D7-950E-4924-9F7D-1E855AEDE780}.Release|Any CPU.Build.0 = Release|Any CPU
	EndGlobalSection
	GlobalSection(SolutionProperties) = preSolution
		HideSolutionNode = FALSE
	EndGlobalSection
	GlobalSection(ExtensibilityGlobals) = postSolution
		SolutionGuid = {054884F9-A41B-4391-89FC-41B514B37685}
	EndGlobalSection
EndGlobal
